
Microsoft Visual Studio Solution File, Format Version 12.00
# Visual Studio Version 17
VisualStudioVersion = 17.11.35327.3
MinimumVisualStudioVersion = 10.0.40219.1
Project("{FAE04EC0-301F-11D3-BF4B-00C04F79EFBC}") = "EmployeePortal", "EmployeePortal\EmployeePortal.csproj", "{D49D895D-67ED-4372-9439-0A89FA3A281C}"
EndProject
Global
	GlobalSection(SolutionConfigurationPlatforms) = preSolution
		Debug|Any CPU = Debug|Any CPU
		Release|Any CPU = Release|Any CPU
	EndGlobalSection
	GlobalSection(ProjectConfigurationPlatforms) = postSolution
		{D49D895D-67ED-4372-9439-0A89FA3A281C}.Debug|Any CPU.ActiveCfg = Debug|Any CPU
		{D49D895D-67ED-4372-9439-0A89FA3A281C}.Debug|Any CPU.Build.0 = Debug|Any CPU
		{D49D895D-67ED-4372-9439-0A89FA3A281C}.Release|Any CPU.ActiveCfg = Release|Any CPU
		{D49D895D-67ED-4372-9439-0A89FA3A281C}.Release|Any CPU.Build.0 = Release|Any CPU
	EndGlobalSection
	GlobalSection(SolutionProperties) = preSolution
		HideSolutionNode = FALSE
	EndGlobalSection
	GlobalSection(ExtensibilityGlobals) = postSolution
		SolutionGuid = {AABF7128-3A16-4BCB-B45B-46429ED3FE85}
	EndGlobalSection
EndGlobal
